{
  "name": "ardi",
  "version": "0.2.3",
  "lockfileVersion": 2,
  "requires": true,
  "packages": {
    "": {
      "name": "ardi",
      "version": "0.2.3",
      "license": "ISC",
      "dependencies": {
        "unescape": "^1.0.1"
      },
      "devDependencies": {
        "esbuild": "^0.15.9",
        "marked": "^4.3.0",
        "uhtml": "^3.0.2"
      }
    },
    "node_modules/@esbuild/android-arm": {
      "version": "0.15.9",
      "resolved": "https://registry.npmjs.org/@esbuild/android-arm/-/android-arm-0.15.9.tgz",
      "integrity": "sha512-VZPy/ETF3fBG5PiinIkA0W/tlsvlEgJccyN2DzWZEl0DlVKRbu91PvY2D6Lxgluj4w9QtYHjOWjAT44C+oQ+EQ==",
      "cpu": [
        "arm"
      ],
      "dev": true,
      "optional": true,
      "os": [
        "android"
      ],
      "engines": {
        "node": ">=12"
      }
    },
    "node_modules/@esbuild/linux-loong64": {
      "version": "0.15.9",
      "resolved": "https://registry.npmjs.org/@esbuild/linux-loong64/-/linux-loong64-0.15.9.tgz",
      "integrity": "sha512-O+NfmkfRrb3uSsTa4jE3WApidSe3N5++fyOVGP1SmMZi4A3BZELkhUUvj5hwmMuNdlpzAZ8iAPz2vmcR7DCFQA==",
      "cpu": [
        "loong64"
      ],
      "dev": true,
      "optional": true,
      "os": [
        "linux"
      ],
      "engines": {
        "node": ">=12"
      }
    },
    "node_modules/@webreflection/mapset": {
      "version": "1.0.1",
      "resolved": "https://registry.npmjs.org/@webreflection/mapset/-/mapset-1.0.1.tgz",
      "integrity": "sha512-cfHPwoviBs7Y/sewLQqE6Ic3XJfUr+LbNEYtR2uW4Od41y5Mg8TTQ8hUb3zBp3cepZTPpwhI6YMnjWk+olqO2w==",
      "dev": true
    },
    "node_modules/@webreflection/uparser": {
      "version": "0.2.4",
      "resolved": "https://registry.npmjs.org/@webreflection/uparser/-/uparser-0.2.4.tgz",
      "integrity": "sha512-4cYSODHAbjsIlvlTLffaN+QiFcNSLTYkRLOrDqpK+m6Bzqyjudq/xHTiSl4/LxeijcQE48nJQuaBnJcnizXxrA==",
      "dev": true
    },
    "node_modules/@webreflection/uwire": {
      "version": "1.2.1",
      "resolved": "https://registry.npmjs.org/@webreflection/uwire/-/uwire-1.2.1.tgz",
      "integrity": "sha512-3FIqIFzqij5NPWKWCQKJhfcRQpfS8RHAcceFosSDDiD6WrMHRAp3QoBqYt7dfrPhJ8Fg2b6T6Ea8ttClzVkZHA==",
      "dev": true
    },
    "node_modules/async-tag": {
      "version": "0.2.0",
      "resolved": "https://registry.npmjs.org/async-tag/-/async-tag-0.2.0.tgz",
      "integrity": "sha512-hNstPiQvxVVJdkBjfBsNb3zDEM2IUY3Xp7qaadEnhaGXq1/OFdS+TuwjEJxnIvZRm7e13KrPW74fIeDra7P5vw==",
      "dev": true
    },
    "node_modules/esbuild": {
      "version": "0.15.9",
      "resolved": "https://registry.npmjs.org/esbuild/-/esbuild-0.15.9.tgz",
      "integrity": "sha512-OnYr1rkMVxtmMHIAKZLMcEUlJmqcbxBz9QoBU8G9v455na0fuzlT/GLu6l+SRghrk0Mm2fSSciMmzV43Q8e0Gg==",
      "dev": true,
      "hasInstallScript": true,
      "bin": {
        "esbuild": "bin/esbuild"
      },
      "engines": {
        "node": ">=12"
      },
      "optionalDependencies": {
        "@esbuild/android-arm": "0.15.9",
        "@esbuild/linux-loong64": "0.15.9",
        "esbuild-android-64": "0.15.9",
        "esbuild-android-arm64": "0.15.9",
        "esbuild-darwin-64": "0.15.9",
        "esbuild-darwin-arm64": "0.15.9",
        "esbuild-freebsd-64": "0.15.9",
        "esbuild-freebsd-arm64": "0.15.9",
        "esbuild-linux-32": "0.15.9",
        "esbuild-linux-64": "0.15.9",
        "esbuild-linux-arm": "0.15.9",
        "esbuild-linux-arm64": "0.15.9",
        "esbuild-linux-mips64le": "0.15.9",
        "esbuild-linux-ppc64le": "0.15.9",
        "esbuild-linux-riscv64": "0.15.9",
        "esbuild-linux-s390x": "0.15.9",
        "esbuild-netbsd-64": "0.15.9",
        "esbuild-openbsd-64": "0.15.9",
        "esbuild-sunos-64": "0.15.9",
        "esbuild-windows-32": "0.15.9",
        "esbuild-windows-64": "0.15.9",
        "esbuild-windows-arm64": "0.15.9"
      }
    },
    "node_modules/esbuild-android-64": {
      "version": "0.15.9",
      "resolved": "https://registry.npmjs.org/esbuild-android-64/-/esbuild-android-64-0.15.9.tgz",
      "integrity": "sha512-HQCX7FJn9T4kxZQkhPjNZC7tBWZqJvhlLHPU2SFzrQB/7nDXjmTIFpFTjt7Bd1uFpeXmuwf5h5fZm+x/hLnhbw==",
      "cpu": [
        "x64"
      ],
      "dev": true,
      "optional": true,
      "os": [
        "android"
      ],
      "engines": {
        "node": ">=12"
      }
    },
    "node_modules/esbuild-android-arm64": {
      "version": "0.15.9",
      "resolved": "https://registry.npmjs.org/esbuild-android-arm64/-/esbuild-android-arm64-0.15.9.tgz",
      "integrity": "sha512-E6zbLfqbFVCNEKircSHnPiSTsm3fCRxeIMPfrkS33tFjIAoXtwegQfVZqMGR0FlsvVxp2NEDOUz+WW48COCjSg==",
      "cpu": [
        "arm64"
      ],
      "dev": true,
      "optional": true,
      "os": [
        "android"
      ],
      "engines": {
        "node": ">=12"
      }
    },
    "node_modules/esbuild-darwin-64": {
      "version": "0.15.9",
      "resolved": "https://registry.npmjs.org/esbuild-darwin-64/-/esbuild-darwin-64-0.15.9.tgz",
      "integrity": "sha512-gI7dClcDN/HHVacZhTmGjl0/TWZcGuKJ0I7/xDGJwRQQn7aafZGtvagOFNmuOq+OBFPhlPv1T6JElOXb0unkSQ==",
      "cpu": [
        "x64"
      ],
      "dev": true,
      "optional": true,
      "os": [
        "darwin"
      ],
      "engines": {
        "node": ">=12"
      }
    },
    "node_modules/esbuild-darwin-arm64": {
      "version": "0.15.9",
      "resolved": "https://registry.npmjs.org/esbuild-darwin-arm64/-/esbuild-darwin-arm64-0.15.9.tgz",
      "integrity": "sha512-VZIMlcRN29yg/sv7DsDwN+OeufCcoTNaTl3Vnav7dL/nvsApD7uvhVRbgyMzv0zU/PP0xRhhIpTyc7lxEzHGSw==",
      "cpu": [
        "arm64"
      ],
      "dev": true,
      "optional": true,
      "os": [
        "darwin"
      ],
      "engines": {
        "node": ">=12"
      }
    },
    "node_modules/esbuild-freebsd-64": {
      "version": "0.15.9",
      "resolved": "https://registry.npmjs.org/esbuild-freebsd-64/-/esbuild-freebsd-64-0.15.9.tgz",
      "integrity": "sha512-uM4z5bTvuAXqPxrI204txhlsPIolQPWRMLenvGuCPZTnnGlCMF2QLs0Plcm26gcskhxewYo9LkkmYSS5Czrb5A==",
      "cpu": [
        "x64"
      ],
      "dev": true,
      "optional": true,
      "os": [
        "freebsd"
      ],
      "engines": {
        "node": ">=12"
      }
    },
    "node_modules/esbuild-freebsd-arm64": {
      "version": "0.15.9",
      "resolved": "https://registry.npmjs.org/esbuild-freebsd-arm64/-/esbuild-freebsd-arm64-0.15.9.tgz",
      "integrity": "sha512-HHDjT3O5gWzicGdgJ5yokZVN9K9KG05SnERwl9nBYZaCjcCgj/sX8Ps1jvoFSfNCO04JSsHSOWo4qvxFuj8FoA==",
      "cpu": [
        "arm64"
      ],
      "dev": true,
      "optional": true,
      "os": [
        "freebsd"
      ],
      "engines": {
        "node": ">=12"
      }
    },
    "node_modules/esbuild-linux-32": {
      "version": "0.15.9",
      "resolved": "https://registry.npmjs.org/esbuild-linux-32/-/esbuild-linux-32-0.15.9.tgz",
      "integrity": "sha512-AQIdE8FugGt1DkcekKi5ycI46QZpGJ/wqcMr7w6YUmOmp2ohQ8eO4sKUsOxNOvYL7hGEVwkndSyszR6HpVHLFg==",
      "cpu": [
        "ia32"
      ],
      "dev": true,
      "optional": true,
      "os": [
        "linux"
      ],
      "engines": {
        "node": ">=12"
      }
    },
    "node_modules/esbuild-linux-64": {
      "version": "0.15.9",
      "resolved": "https://registry.npmjs.org/esbuild-linux-64/-/esbuild-linux-64-0.15.9.tgz",
      "integrity": "sha512-4RXjae7g6Qs7StZyiYyXTZXBlfODhb1aBVAjd+ANuPmMhWthQilWo7rFHwJwL7DQu1Fjej2sODAVwLbcIVsAYQ==",
      "cpu": [
        "x64"
      ],
      "dev": true,
      "optional": true,
      "os": [
        "linux"
      ],
      "engines": {
        "node": ">=12"
      }
    },
    "node_modules/esbuild-linux-arm": {
      "version": "0.15.9",
      "resolved": "https://registry.npmjs.org/esbuild-linux-arm/-/esbuild-linux-arm-0.15.9.tgz",
      "integrity": "sha512-3Zf2GVGUOI7XwChH3qrnTOSqfV1V4CAc/7zLVm4lO6JT6wbJrTgEYCCiNSzziSju+J9Jhf9YGWk/26quWPC6yQ==",
      "cpu": [
        "arm"
      ],
      "dev": true,
      "optional": true,
      "os": [
        "linux"
      ],
      "engines": {
        "node": ">=12"
      }
    },
    "node_modules/esbuild-linux-arm64": {
      "version": "0.15.9",
      "resolved": "https://registry.npmjs.org/esbuild-linux-arm64/-/esbuild-linux-arm64-0.15.9.tgz",
      "integrity": "sha512-a+bTtxJmYmk9d+s2W4/R1SYKDDAldOKmWjWP0BnrWtDbvUBNOm++du0ysPju4mZVoEFgS1yLNW+VXnG/4FNwdQ==",
      "cpu": [
        "arm64"
      ],
      "dev": true,
      "optional": true,
      "os": [
        "linux"
      ],
      "engines": {
        "node": ">=12"
      }
    },
    "node_modules/esbuild-linux-mips64le": {
      "version": "0.15.9",
      "resolved": "https://registry.npmjs.org/esbuild-linux-mips64le/-/esbuild-linux-mips64le-0.15.9.tgz",
      "integrity": "sha512-Zn9HSylDp89y+TRREMDoGrc3Z4Hs5u56ozZLQCiZAUx2+HdbbXbWdjmw3FdTJ/i7t5Cew6/Q+6kfO3KCcFGlyw==",
      "cpu": [
        "mips64el"
      ],
      "dev": true,
      "optional": true,
      "os": [
        "linux"
      ],
      "engines": {
        "node": ">=12"
      }
    },
    "node_modules/esbuild-linux-ppc64le": {
      "version": "0.15.9",
      "resolved": "https://registry.npmjs.org/esbuild-linux-ppc64le/-/esbuild-linux-ppc64le-0.15.9.tgz",
      "integrity": "sha512-OEiOxNAMH9ENFYqRsWUj3CWyN3V8P3ZXyfNAtX5rlCEC/ERXrCEFCJji/1F6POzsXAzxvUJrTSTCy7G6BhA6Fw==",
      "cpu": [
        "ppc64"
      ],
      "dev": true,
      "optional": true,
      "os": [
        "linux"
      ],
      "engines": {
        "node": ">=12"
      }
    },
    "node_modules/esbuild-linux-riscv64": {
      "version": "0.15.9",
      "resolved": "https://registry.npmjs.org/esbuild-linux-riscv64/-/esbuild-linux-riscv64-0.15.9.tgz",
      "integrity": "sha512-ukm4KsC3QRausEFjzTsOZ/qqazw0YvJsKmfoZZm9QW27OHjk2XKSQGGvx8gIEswft/Sadp03/VZvAaqv5AIwNA==",
      "cpu": [
        "riscv64"
      ],
      "dev": true,
      "optional": true,
      "os": [
        "linux"
      ],
      "engines": {
        "node": ">=12"
      }
    },
    "node_modules/esbuild-linux-s390x": {
      "version": "0.15.9",
      "resolved": "https://registry.npmjs.org/esbuild-linux-s390x/-/esbuild-linux-s390x-0.15.9.tgz",
      "integrity": "sha512-uDOQEH55wQ6ahcIKzQr3VyjGc6Po/xblLGLoUk3fVL1qjlZAibtQr6XRfy5wPJLu/M2o0vQKLq4lyJ2r1tWKcw==",
      "cpu": [
        "s390x"
      ],
      "dev": true,
      "optional": true,
      "os": [
        "linux"
      ],
      "engines": {
        "node": ">=12"
      }
    },
    "node_modules/esbuild-netbsd-64": {
      "version": "0.15.9",
      "resolved": "https://registry.npmjs.org/esbuild-netbsd-64/-/esbuild-netbsd-64-0.15.9.tgz",
      "integrity": "sha512-yWgxaYTQz+TqX80wXRq6xAtb7GSBAp6gqLKfOdANg9qEmAI1Bxn04IrQr0Mzm4AhxvGKoHzjHjMgXbCCSSDxcw==",
      "cpu": [
        "x64"
      ],
      "dev": true,
      "optional": true,
      "os": [
        "netbsd"
      ],
      "engines": {
        "node": ">=12"
      }
    },
    "node_modules/esbuild-openbsd-64": {
      "version": "0.15.9",
      "resolved": "https://registry.npmjs.org/esbuild-openbsd-64/-/esbuild-openbsd-64-0.15.9.tgz",
      "integrity": "sha512-JmS18acQl4iSAjrEha1MfEmUMN4FcnnrtTaJ7Qg0tDCOcgpPPQRLGsZqhes0vmx8VA6IqRyScqXvaL7+Q0Uf3A==",
      "cpu": [
        "x64"
      ],
      "dev": true,
      "optional": true,
      "os": [
        "openbsd"
      ],
      "engines": {
        "node": ">=12"
      }
    },
    "node_modules/esbuild-sunos-64": {
      "version": "0.15.9",
      "resolved": "https://registry.npmjs.org/esbuild-sunos-64/-/esbuild-sunos-64-0.15.9.tgz",
      "integrity": "sha512-UKynGSWpzkPmXW3D2UMOD9BZPIuRaSqphxSCwScfEE05Be3KAmvjsBhht1fLzKpiFVJb0BYMd4jEbWMyJ/z1hQ==",
      "cpu": [
        "x64"
      ],
      "dev": true,
      "optional": true,
      "os": [
        "sunos"
      ],
      "engines": {
        "node": ">=12"
      }
    },
    "node_modules/esbuild-windows-32": {
      "version": "0.15.9",
      "resolved": "https://registry.npmjs.org/esbuild-windows-32/-/esbuild-windows-32-0.15.9.tgz",
      "integrity": "sha512-aqXvu4/W9XyTVqO/hw3rNxKE1TcZiEYHPsXM9LwYmKSX9/hjvfIJzXwQBlPcJ/QOxedfoMVH0YnhhQ9Ffb0RGA==",
      "cpu": [
        "ia32"
      ],
      "dev": true,
      "optional": true,
      "os": [
        "win32"
      ],
      "engines": {
        "node": ">=12"
      }
    },
    "node_modules/esbuild-windows-64": {
      "version": "0.15.9",
      "resolved": "https://registry.npmjs.org/esbuild-windows-64/-/esbuild-windows-64-0.15.9.tgz",
      "integrity": "sha512-zm7h91WUmlS4idMtjvCrEeNhlH7+TNOmqw5dJPJZrgFaxoFyqYG6CKDpdFCQXdyKpD5yvzaQBOMVTCBVKGZDEg==",
      "cpu": [
        "x64"
      ],
      "dev": true,
      "optional": true,
      "os": [
        "win32"
      ],
      "engines": {
        "node": ">=12"
      }
    },
    "node_modules/esbuild-windows-arm64": {
      "version": "0.15.9",
      "resolved": "https://registry.npmjs.org/esbuild-windows-arm64/-/esbuild-windows-arm64-0.15.9.tgz",
      "integrity": "sha512-yQEVIv27oauAtvtuhJVfSNMztJJX47ismRS6Sv2QMVV9RM+6xjbMWuuwM2nxr5A2/gj/mu2z9YlQxiwoFRCfZA==",
      "cpu": [
        "arm64"
      ],
      "dev": true,
      "optional": true,
      "os": [
        "win32"
      ],
      "engines": {
        "node": ">=12"
      }
    },
    "node_modules/extend-shallow": {
      "version": "2.0.1",
      "resolved": "https://registry.npmjs.org/extend-shallow/-/extend-shallow-2.0.1.tgz",
      "integrity": "sha512-zCnTtlxNoAiDc3gqY2aYAWFx7XWWiasuF2K8Me5WbN8otHKTUKBwjPtNpRs/rbUZm7KxWAaNj7P1a/p52GbVug==",
      "dependencies": {
        "is-extendable": "^0.1.0"
      },
      "engines": {
        "node": ">=0.10.0"
      }
    },
    "node_modules/is-extendable": {
      "version": "0.1.1",
      "resolved": "https://registry.npmjs.org/is-extendable/-/is-extendable-0.1.1.tgz",
      "integrity": "sha512-5BMULNob1vgFX6EjQw5izWDxrecWK9AM72rugNr0TFldMOi0fj6Jk+zeKIt0xGj4cEfQIJth4w3OKWOJ4f+AFw==",
      "engines": {
        "node": ">=0.10.0"
      }
    },
    "node_modules/jsx2tag": {
      "version": "0.3.1",
      "resolved": "https://registry.npmjs.org/jsx2tag/-/jsx2tag-0.3.1.tgz",
      "integrity": "sha512-S1ACW3N4yDiE49x9y9f2d+utB3Kci3A3Bx7wb2bK+5sl0B60lZM60pZ8L/A+FA55DYuAy2fgHu1i47yt+xgL9Q==",
      "dev": true
    },
    "node_modules/marked": {
      "version": "4.3.0",
      "resolved": "https://registry.npmjs.org/marked/-/marked-4.3.0.tgz",
      "integrity": "sha512-PRsaiG84bK+AMvxziE/lCFss8juXjNaWzVbN5tXAm4XjeaS9NAHhop+PjQxz2A9h8Q4M/xGmzP8vqNwy6JeK0A==",
      "dev": true,
      "bin": {
        "marked": "bin/marked.js"
      },
      "engines": {
        "node": ">= 12"
      }
    },
    "node_modules/uarray": {
      "version": "1.0.0",
      "resolved": "https://registry.npmjs.org/uarray/-/uarray-1.0.0.tgz",
      "integrity": "sha512-LHmiAd5QuAv7pU2vbh+Zq9YOnqVK0H764p2Ozinpfy9ka58OID4IsGLiXsitqH7n0NAIDxvax1A/kDXpii/Ckg==",
      "dev": true
    },
    "node_modules/udomdiff": {
      "version": "1.1.0",
      "resolved": "https://registry.npmjs.org/udomdiff/-/udomdiff-1.1.0.tgz",
      "integrity": "sha512-aqjTs5x/wsShZBkVagdafJkP8S3UMGhkHKszsu1cszjjZ7iOp86+Qb3QOFYh01oWjPMy5ZTuxD6hw5uTKxd+VA==",
      "dev": true
    },
    "node_modules/uhandlers": {
      "version": "0.6.1",
      "resolved": "https://registry.npmjs.org/uhandlers/-/uhandlers-0.6.1.tgz",
      "integrity": "sha512-2jMpdT/3twUKnJxvVEtysdkw5v7KhynNvMP8sueocaGYgEXG6l9fG/66JlKrQo/jVNCF2gcJb3Ne7vYCeVR6tw==",
      "dev": true,
      "dependencies": {
        "uarray": "^1.0.0"
      }
    },
    "node_modules/uhtml": {
      "version": "3.0.2",
      "resolved": "https://registry.npmjs.org/uhtml/-/uhtml-3.0.2.tgz",
      "integrity": "sha512-i8r8znl+oZg4J2O0jnQbwA3qkG5jmxMRZ8VXOqdBX7J7KNTU4socypS+xEWcDNaI7fkd7uv+JVwJ7pRW8jqjnA==",
      "dev": true,
      "dependencies": {
        "@webreflection/mapset": "^1.0.1",
        "@webreflection/uparser": "^0.2.4",
        "@webreflection/uwire": "^1.2.1",
        "async-tag": "^0.2.0",
        "jsx2tag": "^0.3.1",
        "udomdiff": "^1.1.0",
        "uhandlers": "^0.6.1"
      }
    },
    "node_modules/unescape": {
      "version": "1.0.1",
      "resolved": "https://registry.npmjs.org/unescape/-/unescape-1.0.1.tgz",
      "integrity": "sha512-O0+af1Gs50lyH1nUu3ZyYS1cRh01Q/kUKatTOkSs7jukXE6/NebucDVxyiDsA9AQ4JC1V1jUH9EO8JX2nMDgGQ==",
      "dependencies": {
        "extend-shallow": "^2.0.1"
      },
      "engines": {
        "node": ">=0.10.0"
      }
    }
  },
  "dependencies": {
    "@esbuild/android-arm": {
      "version": "0.15.9",
      "resolved": "https://registry.npmjs.org/@esbuild/android-arm/-/android-arm-0.15.9.tgz",
      "integrity": "sha512-VZPy/ETF3fBG5PiinIkA0W/tlsvlEgJccyN2DzWZEl0DlVKRbu91PvY2D6Lxgluj4w9QtYHjOWjAT44C+oQ+EQ==",
      "dev": true,
      "optional": true
    },
    "@esbuild/linux-loong64": {
      "version": "0.15.9",
      "resolved": "https://registry.npmjs.org/@esbuild/linux-loong64/-/linux-loong64-0.15.9.tgz",
      "integrity": "sha512-O+NfmkfRrb3uSsTa4jE3WApidSe3N5++fyOVGP1SmMZi4A3BZELkhUUvj5hwmMuNdlpzAZ8iAPz2vmcR7DCFQA==",
      "dev": true,
      "optional": true
    },
    "@webreflection/mapset": {
      "version": "1.0.1",
      "resolved": "https://registry.npmjs.org/@webreflection/mapset/-/mapset-1.0.1.tgz",
      "integrity": "sha512-cfHPwoviBs7Y/sewLQqE6Ic3XJfUr+LbNEYtR2uW4Od41y5Mg8TTQ8hUb3zBp3cepZTPpwhI6YMnjWk+olqO2w==",
      "dev": true
    },
    "@webreflection/uparser": {
      "version": "0.2.4",
      "resolved": "https://registry.npmjs.org/@webreflection/uparser/-/uparser-0.2.4.tgz",
      "integrity": "sha512-4cYSODHAbjsIlvlTLffaN+QiFcNSLTYkRLOrDqpK+m6Bzqyjudq/xHTiSl4/LxeijcQE48nJQuaBnJcnizXxrA==",
      "dev": true
    },
    "@webreflection/uwire": {
      "version": "1.2.1",
      "resolved": "https://registry.npmjs.org/@webreflection/uwire/-/uwire-1.2.1.tgz",
      "integrity": "sha512-3FIqIFzqij5NPWKWCQKJhfcRQpfS8RHAcceFosSDDiD6WrMHRAp3QoBqYt7dfrPhJ8Fg2b6T6Ea8ttClzVkZHA==",
      "dev": true
    },
    "async-tag": {
      "version": "0.2.0",
      "resolved": "https://registry.npmjs.org/async-tag/-/async-tag-0.2.0.tgz",
      "integrity": "sha512-hNstPiQvxVVJdkBjfBsNb3zDEM2IUY3Xp7qaadEnhaGXq1/OFdS+TuwjEJxnIvZRm7e13KrPW74fIeDra7P5vw==",
      "dev": true
    },
    "esbuild": {
      "version": "0.15.9",
      "resolved": "https://registry.npmjs.org/esbuild/-/esbuild-0.15.9.tgz",
      "integrity": "sha512-OnYr1rkMVxtmMHIAKZLMcEUlJmqcbxBz9QoBU8G9v455na0fuzlT/GLu6l+SRghrk0Mm2fSSciMmzV43Q8e0Gg==",
      "dev": true,
      "requires": {
        "@esbuild/android-arm": "0.15.9",
        "@esbuild/linux-loong64": "0.15.9",
        "esbuild-android-64": "0.15.9",
        "esbuild-android-arm64": "0.15.9",
        "esbuild-darwin-64": "0.15.9",
        "esbuild-darwin-arm64": "0.15.9",
        "esbuild-freebsd-64": "0.15.9",
        "esbuild-freebsd-arm64": "0.15.9",
        "esbuild-linux-32": "0.15.9",
        "esbuild-linux-64": "0.15.9",
        "esbuild-linux-arm": "0.15.9",
        "esbuild-linux-arm64": "0.15.9",
        "esbuild-linux-mips64le": "0.15.9",
        "esbuild-linux-ppc64le": "0.15.9",
        "esbuild-linux-riscv64": "0.15.9",
        "esbuild-linux-s390x": "0.15.9",
        "esbuild-netbsd-64": "0.15.9",
        "esbuild-openbsd-64": "0.15.9",
        "esbuild-sunos-64": "0.15.9",
        "esbuild-windows-32": "0.15.9",
        "esbuild-windows-64": "0.15.9",
        "esbuild-windows-arm64": "0.15.9"
      }
    },
    "esbuild-android-64": {
      "version": "0.15.9",
      "resolved": "https://registry.npmjs.org/esbuild-android-64/-/esbuild-android-64-0.15.9.tgz",
      "integrity": "sha512-HQCX7FJn9T4kxZQkhPjNZC7tBWZqJvhlLHPU2SFzrQB/7nDXjmTIFpFTjt7Bd1uFpeXmuwf5h5fZm+x/hLnhbw==",
      "dev": true,
      "optional": true
    },
    "esbuild-android-arm64": {
      "version": "0.15.9",
      "resolved": "https://registry.npmjs.org/esbuild-android-arm64/-/esbuild-android-arm64-0.15.9.tgz",
      "integrity": "sha512-E6zbLfqbFVCNEKircSHnPiSTsm3fCRxeIMPfrkS33tFjIAoXtwegQfVZqMGR0FlsvVxp2NEDOUz+WW48COCjSg==",
      "dev": true,
      "optional": true
    },
    "esbuild-darwin-64": {
      "version": "0.15.9",
      "resolved": "https://registry.npmjs.org/esbuild-darwin-64/-/esbuild-darwin-64-0.15.9.tgz",
      "integrity": "sha512-gI7dClcDN/HHVacZhTmGjl0/TWZcGuKJ0I7/xDGJwRQQn7aafZGtvagOFNmuOq+OBFPhlPv1T6JElOXb0unkSQ==",
      "dev": true,
      "optional": true
    },
    "esbuild-darwin-arm64": {
      "version": "0.15.9",
      "resolved": "https://registry.npmjs.org/esbuild-darwin-arm64/-/esbuild-darwin-arm64-0.15.9.tgz",
      "integrity": "sha512-VZIMlcRN29yg/sv7DsDwN+OeufCcoTNaTl3Vnav7dL/nvsApD7uvhVRbgyMzv0zU/PP0xRhhIpTyc7lxEzHGSw==",
      "dev": true,
      "optional": true
    },
    "esbuild-freebsd-64": {
      "version": "0.15.9",
      "resolved": "https://registry.npmjs.org/esbuild-freebsd-64/-/esbuild-freebsd-64-0.15.9.tgz",
      "integrity": "sha512-uM4z5bTvuAXqPxrI204txhlsPIolQPWRMLenvGuCPZTnnGlCMF2QLs0Plcm26gcskhxewYo9LkkmYSS5Czrb5A==",
      "dev": true,
      "optional": true
    },
    "esbuild-freebsd-arm64": {
      "version": "0.15.9",
      "resolved": "https://registry.npmjs.org/esbuild-freebsd-arm64/-/esbuild-freebsd-arm64-0.15.9.tgz",
      "integrity": "sha512-HHDjT3O5gWzicGdgJ5yokZVN9K9KG05SnERwl9nBYZaCjcCgj/sX8Ps1jvoFSfNCO04JSsHSOWo4qvxFuj8FoA==",
      "dev": true,
      "optional": true
    },
    "esbuild-linux-32": {
      "version": "0.15.9",
      "resolved": "https://registry.npmjs.org/esbuild-linux-32/-/esbuild-linux-32-0.15.9.tgz",
      "integrity": "sha512-AQIdE8FugGt1DkcekKi5ycI46QZpGJ/wqcMr7w6YUmOmp2ohQ8eO4sKUsOxNOvYL7hGEVwkndSyszR6HpVHLFg==",
      "dev": true,
      "optional": true
    },
    "esbuild-linux-64": {
      "version": "0.15.9",
      "resolved": "https://registry.npmjs.org/esbuild-linux-64/-/esbuild-linux-64-0.15.9.tgz",
      "integrity": "sha512-4RXjae7g6Qs7StZyiYyXTZXBlfODhb1aBVAjd+ANuPmMhWthQilWo7rFHwJwL7DQu1Fjej2sODAVwLbcIVsAYQ==",
      "dev": true,
      "optional": true
    },
    "esbuild-linux-arm": {
      "version": "0.15.9",
      "resolved": "https://registry.npmjs.org/esbuild-linux-arm/-/esbuild-linux-arm-0.15.9.tgz",
      "integrity": "sha512-3Zf2GVGUOI7XwChH3qrnTOSqfV1V4CAc/7zLVm4lO6JT6wbJrTgEYCCiNSzziSju+J9Jhf9YGWk/26quWPC6yQ==",
      "dev": true,
      "optional": true
    },
    "esbuild-linux-arm64": {
      "version": "0.15.9",
      "resolved": "https://registry.npmjs.org/esbuild-linux-arm64/-/esbuild-linux-arm64-0.15.9.tgz",
      "integrity": "sha512-a+bTtxJmYmk9d+s2W4/R1SYKDDAldOKmWjWP0BnrWtDbvUBNOm++du0ysPju4mZVoEFgS1yLNW+VXnG/4FNwdQ==",
      "dev": true,
      "optional": true
    },
    "esbuild-linux-mips64le": {
      "version": "0.15.9",
      "resolved": "https://registry.npmjs.org/esbuild-linux-mips64le/-/esbuild-linux-mips64le-0.15.9.tgz",
      "integrity": "sha512-Zn9HSylDp89y+TRREMDoGrc3Z4Hs5u56ozZLQCiZAUx2+HdbbXbWdjmw3FdTJ/i7t5Cew6/Q+6kfO3KCcFGlyw==",
      "dev": true,
      "optional": true
    },
    "esbuild-linux-ppc64le": {
      "version": "0.15.9",
      "resolved": "https://registry.npmjs.org/esbuild-linux-ppc64le/-/esbuild-linux-ppc64le-0.15.9.tgz",
      "integrity": "sha512-OEiOxNAMH9ENFYqRsWUj3CWyN3V8P3ZXyfNAtX5rlCEC/ERXrCEFCJji/1F6POzsXAzxvUJrTSTCy7G6BhA6Fw==",
      "dev": true,
      "optional": true
    },
    "esbuild-linux-riscv64": {
      "version": "0.15.9",
      "resolved": "https://registry.npmjs.org/esbuild-linux-riscv64/-/esbuild-linux-riscv64-0.15.9.tgz",
      "integrity": "sha512-ukm4KsC3QRausEFjzTsOZ/qqazw0YvJsKmfoZZm9QW27OHjk2XKSQGGvx8gIEswft/Sadp03/VZvAaqv5AIwNA==",
      "dev": true,
      "optional": true
    },
    "esbuild-linux-s390x": {
      "version": "0.15.9",
      "resolved": "https://registry.npmjs.org/esbuild-linux-s390x/-/esbuild-linux-s390x-0.15.9.tgz",
      "integrity": "sha512-uDOQEH55wQ6ahcIKzQr3VyjGc6Po/xblLGLoUk3fVL1qjlZAibtQr6XRfy5wPJLu/M2o0vQKLq4lyJ2r1tWKcw==",
      "dev": true,
      "optional": true
    },
    "esbuild-netbsd-64": {
      "version": "0.15.9",
      "resolved": "https://registry.npmjs.org/esbuild-netbsd-64/-/esbuild-netbsd-64-0.15.9.tgz",
      "integrity": "sha512-yWgxaYTQz+TqX80wXRq6xAtb7GSBAp6gqLKfOdANg9qEmAI1Bxn04IrQr0Mzm4AhxvGKoHzjHjMgXbCCSSDxcw==",
      "dev": true,
      "optional": true
    },
    "esbuild-openbsd-64": {
      "version": "0.15.9",
      "resolved": "https://registry.npmjs.org/esbuild-openbsd-64/-/esbuild-openbsd-64-0.15.9.tgz",
      "integrity": "sha512-JmS18acQl4iSAjrEha1MfEmUMN4FcnnrtTaJ7Qg0tDCOcgpPPQRLGsZqhes0vmx8VA6IqRyScqXvaL7+Q0Uf3A==",
      "dev": true,
      "optional": true
    },
    "esbuild-sunos-64": {
      "version": "0.15.9",
      "resolved": "https://registry.npmjs.org/esbuild-sunos-64/-/esbuild-sunos-64-0.15.9.tgz",
      "integrity": "sha512-UKynGSWpzkPmXW3D2UMOD9BZPIuRaSqphxSCwScfEE05Be3KAmvjsBhht1fLzKpiFVJb0BYMd4jEbWMyJ/z1hQ==",
      "dev": true,
      "optional": true
    },
    "esbuild-windows-32": {
      "version": "0.15.9",
      "resolved": "https://registry.npmjs.org/esbuild-windows-32/-/esbuild-windows-32-0.15.9.tgz",
      "integrity": "sha512-aqXvu4/W9XyTVqO/hw3rNxKE1TcZiEYHPsXM9LwYmKSX9/hjvfIJzXwQBlPcJ/QOxedfoMVH0YnhhQ9Ffb0RGA==",
      "dev": true,
      "optional": true
    },
    "esbuild-windows-64": {
      "version": "0.15.9",
      "resolved": "https://registry.npmjs.org/esbuild-windows-64/-/esbuild-windows-64-0.15.9.tgz",
      "integrity": "sha512-zm7h91WUmlS4idMtjvCrEeNhlH7+TNOmqw5dJPJZrgFaxoFyqYG6CKDpdFCQXdyKpD5yvzaQBOMVTCBVKGZDEg==",
      "dev": true,
      "optional": true
    },
    "esbuild-windows-arm64": {
      "version": "0.15.9",
      "resolved": "https://registry.npmjs.org/esbuild-windows-arm64/-/esbuild-windows-arm64-0.15.9.tgz",
      "integrity": "sha512-yQEVIv27oauAtvtuhJVfSNMztJJX47ismRS6Sv2QMVV9RM+6xjbMWuuwM2nxr5A2/gj/mu2z9YlQxiwoFRCfZA==",
      "dev": true,
      "optional": true
    },
    "extend-shallow": {
      "version": "2.0.1",
      "resolved": "https://registry.npmjs.org/extend-shallow/-/extend-shallow-2.0.1.tgz",
      "integrity": "sha512-zCnTtlxNoAiDc3gqY2aYAWFx7XWWiasuF2K8Me5WbN8otHKTUKBwjPtNpRs/rbUZm7KxWAaNj7P1a/p52GbVug==",
      "requires": {
        "is-extendable": "^0.1.0"
      }
    },
    "is-extendable": {
      "version": "0.1.1",
      "resolved": "https://registry.npmjs.org/is-extendable/-/is-extendable-0.1.1.tgz",
      "integrity": "sha512-5BMULNob1vgFX6EjQw5izWDxrecWK9AM72rugNr0TFldMOi0fj6Jk+zeKIt0xGj4cEfQIJth4w3OKWOJ4f+AFw=="
    },
    "jsx2tag": {
      "version": "0.3.1",
      "resolved": "https://registry.npmjs.org/jsx2tag/-/jsx2tag-0.3.1.tgz",
      "integrity": "sha512-S1ACW3N4yDiE49x9y9f2d+utB3Kci3A3Bx7wb2bK+5sl0B60lZM60pZ8L/A+FA55DYuAy2fgHu1i47yt+xgL9Q==",
      "dev": true
    },
    "marked": {
      "version": "4.3.0",
      "resolved": "https://registry.npmjs.org/marked/-/marked-4.3.0.tgz",
      "integrity": "sha512-PRsaiG84bK+AMvxziE/lCFss8juXjNaWzVbN5tXAm4XjeaS9NAHhop+PjQxz2A9h8Q4M/xGmzP8vqNwy6JeK0A==",
      "dev": true
    },
    "uarray": {
      "version": "1.0.0",
      "resolved": "https://registry.npmjs.org/uarray/-/uarray-1.0.0.tgz",
      "integrity": "sha512-LHmiAd5QuAv7pU2vbh+Zq9YOnqVK0H764p2Ozinpfy9ka58OID4IsGLiXsitqH7n0NAIDxvax1A/kDXpii/Ckg==",
      "dev": true
    },
    "udomdiff": {
      "version": "1.1.0",
      "resolved": "https://registry.npmjs.org/udomdiff/-/udomdiff-1.1.0.tgz",
      "integrity": "sha512-aqjTs5x/wsShZBkVagdafJkP8S3UMGhkHKszsu1cszjjZ7iOp86+Qb3QOFYh01oWjPMy5ZTuxD6hw5uTKxd+VA==",
      "dev": true
    },
    "uhandlers": {
      "version": "0.6.1",
      "resolved": "https://registry.npmjs.org/uhandlers/-/uhandlers-0.6.1.tgz",
      "integrity": "sha512-2jMpdT/3twUKnJxvVEtysdkw5v7KhynNvMP8sueocaGYgEXG6l9fG/66JlKrQo/jVNCF2gcJb3Ne7vYCeVR6tw==",
      "dev": true,
      "requires": {
        "uarray": "^1.0.0"
      }
    },
    "uhtml": {
      "version": "3.0.2",
      "resolved": "https://registry.npmjs.org/uhtml/-/uhtml-3.0.2.tgz",
      "integrity": "sha512-i8r8znl+oZg4J2O0jnQbwA3qkG5jmxMRZ8VXOqdBX7J7KNTU4socypS+xEWcDNaI7fkd7uv+JVwJ7pRW8jqjnA==",
      "dev": true,
      "requires": {
        "@webreflection/mapset": "^1.0.1",
        "@webreflection/uparser": "^0.2.4",
        "@webreflection/uwire": "^1.2.1",
        "async-tag": "^0.2.0",
        "jsx2tag": "^0.3.1",
        "udomdiff": "^1.1.0",
        "uhandlers": "^0.6.1"
      }
    },
    "unescape": {
      "version": "1.0.1",
      "resolved": "https://registry.npmjs.org/unescape/-/unescape-1.0.1.tgz",
      "integrity": "sha512-O0+af1Gs50lyH1nUu3ZyYS1cRh01Q/kUKatTOkSs7jukXE6/NebucDVxyiDsA9AQ4JC1V1jUH9EO8JX2nMDgGQ==",
      "requires": {
        "extend-shallow": "^2.0.1"
      }
    }
  }
}
